// !$*UTF8*$!
{
	archiveVersion = 1;
	classes = {
	};
	objectVersion = 55;
	objects = {

/* Begin PBXBuildFile section */
		4429F4E21A8EF91BF795E3C9 /* Pods_SwiftUIMVVMExample.framework in Frameworks */ = {isa = PBXBuildFile; fileRef = 1955A07C73BCC3047233D06A /* Pods_SwiftUIMVVMExample.framework */; };
		B12C07DD27917F9C009ECF62 /* Dsl.swift in Sources */ = {isa = PBXBuildFile; fileRef = B12C07DC27917F9C009ECF62 /* Dsl.swift */; };
		B140CC9B278FFE2D003DC491 /* Inject.swift in Sources */ = {isa = PBXBuildFile; fileRef = B140CC9A278FFE2D003DC491 /* Inject.swift */; };
		B140CC9D278FFE8B003DC491 /* InjectLazy.swift in Sources */ = {isa = PBXBuildFile; fileRef = B140CC9C278FFE8B003DC491 /* InjectLazy.swift */; };
		B1516B4C278EEF2F00887518 /* AppDelegate.swift in Sources */ = {isa = PBXBuildFile; fileRef = B1516B4B278EEF2F00887518 /* AppDelegate.swift */; };
		B1516B4E278EEF2F00887518 /* FirstScreen.swift in Sources */ = {isa = PBXBuildFile; fileRef = B1516B4D278EEF2F00887518 /* FirstScreen.swift */; };
		B1516B50278EEF3100887518 /* Assets.xcassets in Resources */ = {isa = PBXBuildFile; fileRef = B1516B4F278EEF3100887518 /* Assets.xcassets */; };
		B1516B53278EEF3100887518 /* Preview Assets.xcassets in Resources */ = {isa = PBXBuildFile; fileRef = B1516B52278EEF3100887518 /* Preview Assets.xcassets */; };
		B1516B5B278EEFE000887518 /* BaseViewController.swift in Sources */ = {isa = PBXBuildFile; fileRef = B1516B5A278EEFE000887518 /* BaseViewController.swift */; };
		B1516B60278EF05E00887518 /* UIApplicationExt.swift in Sources */ = {isa = PBXBuildFile; fileRef = B1516B5F278EF05E00887518 /* UIApplicationExt.swift */; };
		B1516B62278EF07200887518 /* BaseViewModel.swift in Sources */ = {isa = PBXBuildFile; fileRef = B1516B61278EF07200887518 /* BaseViewModel.swift */; };
		B1516B67278EF0DB00887518 /* AppComponent.swift in Sources */ = {isa = PBXBuildFile; fileRef = B1516B66278EF0DB00887518 /* AppComponent.swift */; };
		B1516B6C278EF1B500887518 /* AlamofireSessionExt.swift in Sources */ = {isa = PBXBuildFile; fileRef = B1516B6B278EF1B500887518 /* AlamofireSessionExt.swift */; };
		B1516B6E278EF1E200887518 /* RestManager.swift in Sources */ = {isa = PBXBuildFile; fileRef = B1516B6D278EF1E200887518 /* RestManager.swift */; };
		B1516B70278EF1F600887518 /* AppLoger.swift in Sources */ = {isa = PBXBuildFile; fileRef = B1516B6F278EF1F600887518 /* AppLoger.swift */; };
		B1516B72278EF20A00887518 /* Source.swift in Sources */ = {isa = PBXBuildFile; fileRef = B1516B71278EF20A00887518 /* Source.swift */; };
		B1516B74278EF25B00887518 /* GetAlbumUseCase.swift in Sources */ = {isa = PBXBuildFile; fileRef = B1516B73278EF25B00887518 /* GetAlbumUseCase.swift */; };
		B1516B76278EF26D00887518 /* BaseUseCase.swift in Sources */ = {isa = PBXBuildFile; fileRef = B1516B75278EF26D00887518 /* BaseUseCase.swift */; };
		B1516B7B278EF32C00887518 /* Album.swift in Sources */ = {isa = PBXBuildFile; fileRef = B1516B7A278EF32C00887518 /* Album.swift */; };
		B1516B7D278EF34800887518 /* Endpoints.swift in Sources */ = {isa = PBXBuildFile; fileRef = B1516B7C278EF34800887518 /* Endpoints.swift */; };
		B1516B7F278EF3D200887518 /* FirstViewModel.swift in Sources */ = {isa = PBXBuildFile; fileRef = B1516B7E278EF3D200887518 /* FirstViewModel.swift */; };
		B1516B81278EF4F600887518 /* InjectViewModel.swift in Sources */ = {isa = PBXBuildFile; fileRef = B1516B80278EF4F600887518 /* InjectViewModel.swift */; };
		B1516B83278EF71B00887518 /* SecondScreen.swift in Sources */ = {isa = PBXBuildFile; fileRef = B1516B82278EF71B00887518 /* SecondScreen.swift */; };
		B1516B87278EF75D00887518 /* SecondViewModel.swift in Sources */ = {isa = PBXBuildFile; fileRef = B1516B86278EF75D00887518 /* SecondViewModel.swift */; };
		B1516B89278EF90200887518 /* UINavigationControllerExt.swift in Sources */ = {isa = PBXBuildFile; fileRef = B1516B88278EF90200887518 /* UINavigationControllerExt.swift */; };
		B1516B8B278EF95000887518 /* GetTestDataUseCase.swift in Sources */ = {isa = PBXBuildFile; fileRef = B1516B8A278EF95000887518 /* GetTestDataUseCase.swift */; };
		B15A0E5E27B269AA007CE62A /* ThirdViewModel.swift in Sources */ = {isa = PBXBuildFile; fileRef = B15A0E5D27B269AA007CE62A /* ThirdViewModel.swift */; };
		B15A0E6027B2859E007CE62A /* SupportViewModelProtocol.swift in Sources */ = {isa = PBXBuildFile; fileRef = B15A0E5F27B2859E007CE62A /* SupportViewModelProtocol.swift */; };
		B16669E8279FFD5900C24B14 /* SequenceExt.swift in Sources */ = {isa = PBXBuildFile; fileRef = B16669E7279FFD5900C24B14 /* SequenceExt.swift */; };
		B1B84C6927905ABD00A71853 /* SecondScreenRouter.swift in Sources */ = {isa = PBXBuildFile; fileRef = B1B84C6827905ABD00A71853 /* SecondScreenRouter.swift */; };
		B1B84C6E27905F9900A71853 /* ThirdScreen.swift in Sources */ = {isa = PBXBuildFile; fileRef = B1B84C6D27905F9900A71853 /* ThirdScreen.swift */; };
		B1B84C7027905FC200A71853 /* ThirdScreenRouter.swift in Sources */ = {isa = PBXBuildFile; fileRef = B1B84C6F27905FC200A71853 /* ThirdScreenRouter.swift */; };
		B1CA2C3E27DB6765007231E8 /* AppContainer.swift in Sources */ = {isa = PBXBuildFile; fileRef = B1CA2C3D27DB6765007231E8 /* AppContainer.swift */; };
		B1CA2C4327DB714E007231E8 /* Launch Screen.storyboard in Resources */ = {isa = PBXBuildFile; fileRef = B1CA2C4227DB714E007231E8 /* Launch Screen.storyboard */; };
/* End PBXBuildFile section */

/* Begin PBXFileReference section */
		1955A07C73BCC3047233D06A /* Pods_SwiftUIMVVMExample.framework */ = {isa = PBXFileReference; explicitFileType = wrapper.framework; includeInIndex = 0; path = Pods_SwiftUIMVVMExample.framework; sourceTree = BUILT_PRODUCTS_DIR; };
		92D8094D6DC78660B662789C /* Pods-SwiftUIMVVMExample.debug.xcconfig */ = {isa = PBXFileReference; includeInIndex = 1; lastKnownFileType = text.xcconfig; name = "Pods-SwiftUIMVVMExample.debug.xcconfig"; path = "Target Support Files/Pods-SwiftUIMVVMExample/Pods-SwiftUIMVVMExample.debug.xcconfig"; sourceTree = "<group>"; };
		B12C07DC27917F9C009ECF62 /* Dsl.swift */ = {isa = PBXFileReference; lastKnownFileType = sourcecode.swift; path = Dsl.swift; sourceTree = "<group>"; };
		B140CC9A278FFE2D003DC491 /* Inject.swift */ = {isa = PBXFileReference; lastKnownFileType = sourcecode.swift; path = Inject.swift; sourceTree = "<group>"; };
		B140CC9C278FFE8B003DC491 /* InjectLazy.swift */ = {isa = PBXFileReference; lastKnownFileType = sourcecode.swift; path = InjectLazy.swift; sourceTree = "<group>"; };
		B1516B48278EEF2F00887518 /* SwiftUIMVVMExample.app */ = {isa = PBXFileReference; explicitFileType = wrapper.application; includeInIndex = 0; path = SwiftUIMVVMExample.app; sourceTree = BUILT_PRODUCTS_DIR; };
		B1516B4B278EEF2F00887518 /* AppDelegate.swift */ = {isa = PBXFileReference; lastKnownFileType = sourcecode.swift; path = AppDelegate.swift; sourceTree = "<group>"; };
		B1516B4D278EEF2F00887518 /* FirstScreen.swift */ = {isa = PBXFileReference; lastKnownFileType = sourcecode.swift; path = FirstScreen.swift; sourceTree = "<group>"; };
		B1516B4F278EEF3100887518 /* Assets.xcassets */ = {isa = PBXFileReference; lastKnownFileType = folder.assetcatalog; path = Assets.xcassets; sourceTree = "<group>"; };
		B1516B52278EEF3100887518 /* Preview Assets.xcassets */ = {isa = PBXFileReference; lastKnownFileType = folder.assetcatalog; path = "Preview Assets.xcassets"; sourceTree = "<group>"; };
		B1516B5A278EEFE000887518 /* BaseViewController.swift */ = {isa = PBXFileReference; lastKnownFileType = sourcecode.swift; path = BaseViewController.swift; sourceTree = "<group>"; };
		B1516B5F278EF05E00887518 /* UIApplicationExt.swift */ = {isa = PBXFileReference; lastKnownFileType = sourcecode.swift; path = UIApplicationExt.swift; sourceTree = "<group>"; };
		B1516B61278EF07200887518 /* BaseViewModel.swift */ = {isa = PBXFileReference; lastKnownFileType = sourcecode.swift; path = BaseViewModel.swift; sourceTree = "<group>"; };
		B1516B66278EF0DB00887518 /* AppComponent.swift */ = {isa = PBXFileReference; lastKnownFileType = sourcecode.swift; path = AppComponent.swift; sourceTree = "<group>"; };
		B1516B6B278EF1B500887518 /* AlamofireSessionExt.swift */ = {isa = PBXFileReference; lastKnownFileType = sourcecode.swift; path = AlamofireSessionExt.swift; sourceTree = "<group>"; };
		B1516B6D278EF1E200887518 /* RestManager.swift */ = {isa = PBXFileReference; lastKnownFileType = sourcecode.swift; path = RestManager.swift; sourceTree = "<group>"; };
		B1516B6F278EF1F600887518 /* AppLoger.swift */ = {isa = PBXFileReference; lastKnownFileType = sourcecode.swift; path = AppLoger.swift; sourceTree = "<group>"; };
		B1516B71278EF20A00887518 /* Source.swift */ = {isa = PBXFileReference; lastKnownFileType = sourcecode.swift; path = Source.swift; sourceTree = "<group>"; };
		B1516B73278EF25B00887518 /* GetAlbumUseCase.swift */ = {isa = PBXFileReference; lastKnownFileType = sourcecode.swift; path = GetAlbumUseCase.swift; sourceTree = "<group>"; };
		B1516B75278EF26D00887518 /* BaseUseCase.swift */ = {isa = PBXFileReference; lastKnownFileType = sourcecode.swift; path = BaseUseCase.swift; sourceTree = "<group>"; };
		B1516B7A278EF32C00887518 /* Album.swift */ = {isa = PBXFileReference; lastKnownFileType = sourcecode.swift; path = Album.swift; sourceTree = "<group>"; };
		B1516B7C278EF34800887518 /* Endpoints.swift */ = {isa = PBXFileReference; lastKnownFileType = sourcecode.swift; path = Endpoints.swift; sourceTree = "<group>"; };
		B1516B7E278EF3D200887518 /* FirstViewModel.swift */ = {isa = PBXFileReference; lastKnownFileType = sourcecode.swift; path = FirstViewModel.swift; sourceTree = "<group>"; };
		B1516B80278EF4F600887518 /* InjectViewModel.swift */ = {isa = PBXFileReference; lastKnownFileType = sourcecode.swift; path = InjectViewModel.swift; sourceTree = "<group>"; };
		B1516B82278EF71B00887518 /* SecondScreen.swift */ = {isa = PBXFileReference; lastKnownFileType = sourcecode.swift; path = SecondScreen.swift; sourceTree = "<group>"; };
		B1516B86278EF75D00887518 /* SecondViewModel.swift */ = {isa = PBXFileReference; lastKnownFileType = sourcecode.swift; path = SecondViewModel.swift; sourceTree = "<group>"; };
		B1516B88278EF90200887518 /* UINavigationControllerExt.swift */ = {isa = PBXFileReference; lastKnownFileType = sourcecode.swift; path = UINavigationControllerExt.swift; sourceTree = "<group>"; };
		B1516B8A278EF95000887518 /* GetTestDataUseCase.swift */ = {isa = PBXFileReference; lastKnownFileType = sourcecode.swift; path = GetTestDataUseCase.swift; sourceTree = "<group>"; };
		B15A0E5D27B269AA007CE62A /* ThirdViewModel.swift */ = {isa = PBXFileReference; lastKnownFileType = sourcecode.swift; path = ThirdViewModel.swift; sourceTree = "<group>"; };
		B15A0E5F27B2859E007CE62A /* SupportViewModelProtocol.swift */ = {isa = PBXFileReference; lastKnownFileType = sourcecode.swift; path = SupportViewModelProtocol.swift; sourceTree = "<group>"; };
		B16669E7279FFD5900C24B14 /* SequenceExt.swift */ = {isa = PBXFileReference; lastKnownFileType = sourcecode.swift; path = SequenceExt.swift; sourceTree = "<group>"; };
		B1B84C6827905ABD00A71853 /* SecondScreenRouter.swift */ = {isa = PBXFileReference; lastKnownFileType = sourcecode.swift; path = SecondScreenRouter.swift; sourceTree = "<group>"; };
		B1B84C6D27905F9900A71853 /* ThirdScreen.swift */ = {isa = PBXFileReference; lastKnownFileType = sourcecode.swift; path = ThirdScreen.swift; sourceTree = "<group>"; };
		B1B84C6F27905FC200A71853 /* ThirdScreenRouter.swift */ = {isa = PBXFileReference; lastKnownFileType = sourcecode.swift; path = ThirdScreenRouter.swift; sourceTree = "<group>"; };
		B1CA2C3D27DB6765007231E8 /* AppContainer.swift */ = {isa = PBXFileReference; lastKnownFileType = sourcecode.swift; path = AppContainer.swift; sourceTree = "<group>"; };
		B1CA2C4227DB714E007231E8 /* Launch Screen.storyboard */ = {isa = PBXFileReference; lastKnownFileType = file.storyboard; path = "Launch Screen.storyboard"; sourceTree = "<group>"; };
		B1CA2C4427DB7243007231E8 /* Info.plist */ = {isa = PBXFileReference; fileEncoding = 4; lastKnownFileType = text.plist.xml; path = Info.plist; sourceTree = "<group>"; };
		D7ACCEE6FB4E4CCC1E4F42C2 /* Pods-SwiftUIMVVMExample.release.xcconfig */ = {isa = PBXFileReference; includeInIndex = 1; lastKnownFileType = text.xcconfig; name = "Pods-SwiftUIMVVMExample.release.xcconfig"; path = "Target Support Files/Pods-SwiftUIMVVMExample/Pods-SwiftUIMVVMExample.release.xcconfig"; sourceTree = "<group>"; };
/* End PBXFileReference section */

/* Begin PBXFrameworksBuildPhase section */
		B1516B45278EEF2F00887518 /* Frameworks */ = {
			isa = PBXFrameworksBuildPhase;
			buildActionMask = 2147483647;
			files = (
				4429F4E21A8EF91BF795E3C9 /* Pods_SwiftUIMVVMExample.framework in Frameworks */,
			);
			runOnlyForDeploymentPostprocessing = 0;
		};
/* End PBXFrameworksBuildPhase section */

/* Begin PBXGroup section */
		6707CD2D24ACAE8393304A71 /* Pods */ = {
			isa = PBXGroup;
			children = (
				92D8094D6DC78660B662789C /* Pods-SwiftUIMVVMExample.debug.xcconfig */,
				D7ACCEE6FB4E4CCC1E4F42C2 /* Pods-SwiftUIMVVMExample.release.xcconfig */,
			);
			path = Pods;
			sourceTree = "<group>";
		};
		9C9004DAD7233F385A897E2A /* Frameworks */ = {
			isa = PBXGroup;
			children = (
				1955A07C73BCC3047233D06A /* Pods_SwiftUIMVVMExample.framework */,
			);
			name = Frameworks;
			sourceTree = "<group>";
		};
		B1516B3F278EEF2F00887518 = {
			isa = PBXGroup;
			children = (
				B1516B4A278EEF2F00887518 /* SwiftUIMVVMExample */,
				B1516B49278EEF2F00887518 /* Products */,
				6707CD2D24ACAE8393304A71 /* Pods */,
				9C9004DAD7233F385A897E2A /* Frameworks */,
			);
			sourceTree = "<group>";
		};
		B1516B49278EEF2F00887518 /* Products */ = {
			isa = PBXGroup;
			children = (
				B1516B48278EEF2F00887518 /* SwiftUIMVVMExample.app */,
			);
			name = Products;
			sourceTree = "<group>";
		};
		B1516B4A278EEF2F00887518 /* SwiftUIMVVMExample */ = {
			isa = PBXGroup;
			children = (
				B1516B59278EEFAC00887518 /* core */,
				B1516B65278EF0C800887518 /* di */,
				B1516B5E278EF04E00887518 /* extension */,
				B1516B6A278EF18600887518 /* network */,
				B1516B69278EF17E00887518 /* usecases */,
				B1516B79278EF32400887518 /* models */,
				B1516B63278EF08400887518 /* ui */,
				B1516B68278EF10700887518 /* resourse */,
				B1516B64278EF08F00887518 /* system */,
			);
			path = SwiftUIMVVMExample;
			sourceTree = "<group>";
		};
		B1516B51278EEF3100887518 /* Preview Content */ = {
			isa = PBXGroup;
			children = (
				B1516B52278EEF3100887518 /* Preview Assets.xcassets */,
			);
			path = "Preview Content";
			sourceTree = "<group>";
		};
		B1516B59278EEFAC00887518 /* core */ = {
			isa = PBXGroup;
			children = (
				B16669E9279FFD6B00C24B14 /* di */,
				B1516B78278EF28200887518 /* ui */,
				B1516B77278EF27700887518 /* network */,
				B1516B6F278EF1F600887518 /* AppLoger.swift */,
			);
			path = core;
			sourceTree = "<group>";
		};
		B1516B5E278EF04E00887518 /* extension */ = {
			isa = PBXGroup;
			children = (
				B1516B5F278EF05E00887518 /* UIApplicationExt.swift */,
				B1516B6B278EF1B500887518 /* AlamofireSessionExt.swift */,
				B1516B88278EF90200887518 /* UINavigationControllerExt.swift */,
				B16669E7279FFD5900C24B14 /* SequenceExt.swift */,
			);
			path = extension;
			sourceTree = "<group>";
		};
		B1516B63278EF08400887518 /* ui */ = {
			isa = PBXGroup;
			children = (
				B1516B84278EF73D00887518 /* first */,
				B1516B85278EF74200887518 /* second */,
				B1B84C6A27905F5E00A71853 /* third */,
			);
			path = ui;
			sourceTree = "<group>";
		};
		B1516B64278EF08F00887518 /* system */ = {
			isa = PBXGroup;
			children = (
				B1516B4B278EEF2F00887518 /* AppDelegate.swift */,
				B1CA2C4427DB7243007231E8 /* Info.plist */,
				B1CA2C4227DB714E007231E8 /* Launch Screen.storyboard */,
			);
			path = system;
			sourceTree = "<group>";
		};
		B1516B65278EF0C800887518 /* di */ = {
			isa = PBXGroup;
			children = (
				B1516B66278EF0DB00887518 /* AppComponent.swift */,
			);
			path = di;
			sourceTree = "<group>";
		};
		B1516B68278EF10700887518 /* resourse */ = {
			isa = PBXGroup;
			children = (
				B1516B4F278EEF3100887518 /* Assets.xcassets */,
				B1516B51278EEF3100887518 /* Preview Content */,
			);
			path = resourse;
			sourceTree = "<group>";
		};
		B1516B69278EF17E00887518 /* usecases */ = {
			isa = PBXGroup;
			children = (
				B1516B73278EF25B00887518 /* GetAlbumUseCase.swift */,
				B1516B8A278EF95000887518 /* GetTestDataUseCase.swift */,
			);
			path = usecases;
			sourceTree = "<group>";
		};
		B1516B6A278EF18600887518 /* network */ = {
			isa = PBXGroup;
			children = (
				B1516B6D278EF1E200887518 /* RestManager.swift */,
				B1516B7C278EF34800887518 /* Endpoints.swift */,
			);
			path = network;
			sourceTree = "<group>";
		};
		B1516B77278EF27700887518 /* network */ = {
			isa = PBXGroup;
			children = (
				B1516B75278EF26D00887518 /* BaseUseCase.swift */,
				B1516B71278EF20A00887518 /* Source.swift */,
			);
			path = network;
			sourceTree = "<group>";
		};
		B1516B78278EF28200887518 /* ui */ = {
			isa = PBXGroup;
			children = (
				B1516B61278EF07200887518 /* BaseViewModel.swift */,
				B1516B5A278EEFE000887518 /* BaseViewController.swift */,
			);
			path = ui;
			sourceTree = "<group>";
		};
		B1516B79278EF32400887518 /* models */ = {
			isa = PBXGroup;
			children = (
				B1516B7A278EF32C00887518 /* Album.swift */,
			);
			path = models;
			sourceTree = "<group>";
		};
		B1516B84278EF73D00887518 /* first */ = {
			isa = PBXGroup;
			children = (
				B1516B4D278EEF2F00887518 /* FirstScreen.swift */,
				B1516B7E278EF3D200887518 /* FirstViewModel.swift */,
			);
			path = first;
			sourceTree = "<group>";
		};
		B1516B85278EF74200887518 /* second */ = {
			isa = PBXGroup;
			children = (
				B1516B82278EF71B00887518 /* SecondScreen.swift */,
				B1516B86278EF75D00887518 /* SecondViewModel.swift */,
				B1B84C6827905ABD00A71853 /* SecondScreenRouter.swift */,
			);
			path = second;
			sourceTree = "<group>";
		};
		B16669E9279FFD6B00C24B14 /* di */ = {
			isa = PBXGroup;
			children = (
				B1B84C712790677200A71853 /* inject */,
				B1B84C722790678400A71853 /* dsl */,
				B15A0E5F27B2859E007CE62A /* SupportViewModelProtocol.swift */,
				B1CA2C3D27DB6765007231E8 /* AppContainer.swift */,
			);
			path = di;
			sourceTree = "<group>";
		};
		B1B84C6A27905F5E00A71853 /* third */ = {
			isa = PBXGroup;
			children = (
				B1B84C6D27905F9900A71853 /* ThirdScreen.swift */,
				B15A0E5D27B269AA007CE62A /* ThirdViewModel.swift */,
				B1B84C6F27905FC200A71853 /* ThirdScreenRouter.swift */,
			);
			path = third;
			sourceTree = "<group>";
		};
		B1B84C712790677200A71853 /* inject */ = {
			isa = PBXGroup;
			children = (
				B140CC9A278FFE2D003DC491 /* Inject.swift */,
				B140CC9C278FFE8B003DC491 /* InjectLazy.swift */,
				B1516B80278EF4F600887518 /* InjectViewModel.swift */,
			);
			path = inject;
			sourceTree = "<group>";
		};
		B1B84C722790678400A71853 /* dsl */ = {
			isa = PBXGroup;
			children = (
				B12C07DC27917F9C009ECF62 /* Dsl.swift */,
			);
			path = dsl;
			sourceTree = "<group>";
		};
/* End PBXGroup section */

/* Begin PBXNativeTarget section */
		B1516B47278EEF2F00887518 /* SwiftUIMVVMExample */ = {
			isa = PBXNativeTarget;
			buildConfigurationList = B1516B56278EEF3100887518 /* Build configuration list for PBXNativeTarget "SwiftUIMVVMExample" */;
			buildPhases = (
				2740B18E4398B29016180DF3 /* [CP] Check Pods Manifest.lock */,
				B1516B44278EEF2F00887518 /* Sources */,
				B1516B45278EEF2F00887518 /* Frameworks */,
				B1516B46278EEF2F00887518 /* Resources */,
				DC480600F13E89618907D97D /* [CP] Embed Pods Frameworks */,
			);
			buildRules = (
			);
			dependencies = (
			);
			name = SwiftUIMVVMExample;
			productName = SwiftUIMVVMExample;
			productReference = B1516B48278EEF2F00887518 /* SwiftUIMVVMExample.app */;
			productType = "com.apple.product-type.application";
		};
/* End PBXNativeTarget section */

/* Begin PBXProject section */
		B1516B40278EEF2F00887518 /* Project object */ = {
			isa = PBXProject;
			attributes = {
				BuildIndependentTargetsInParallel = 1;
				LastSwiftUpdateCheck = 1320;
				LastUpgradeCheck = 1320;
				TargetAttributes = {
					B1516B47278EEF2F00887518 = {
						CreatedOnToolsVersion = 13.2.1;
					};
				};
			};
			buildConfigurationList = B1516B43278EEF2F00887518 /* Build configuration list for PBXProject "SwiftUIMVVMExample" */;
			compatibilityVersion = "Xcode 13.0";
			developmentRegion = en;
			hasScannedForEncodings = 0;
			knownRegions = (
				en,
				Base,
			);
			mainGroup = B1516B3F278EEF2F00887518;
			productRefGroup = B1516B49278EEF2F00887518 /* Products */;
			projectDirPath = "";
			projectRoot = "";
			targets = (
				B1516B47278EEF2F00887518 /* SwiftUIMVVMExample */,
			);
		};
/* End PBXProject section */

/* Begin PBXResourcesBuildPhase section */
		B1516B46278EEF2F00887518 /* Resources */ = {
			isa = PBXResourcesBuildPhase;
			buildActionMask = 2147483647;
			files = (
				B1516B53278EEF3100887518 /* Preview Assets.xcassets in Resources */,
				B1516B50278EEF3100887518 /* Assets.xcassets in Resources */,
				B1CA2C4327DB714E007231E8 /* Launch Screen.storyboard in Resources */,
			);
			runOnlyForDeploymentPostprocessing = 0;
		};
/* End PBXResourcesBuildPhase section */

/* Begin PBXShellScriptBuildPhase section */
		2740B18E4398B29016180DF3 /* [CP] Check Pods Manifest.lock */ = {
			isa = PBXShellScriptBuildPhase;
			buildActionMask = 2147483647;
			files = (
			);
			inputFileListPaths = (
			);
			inputPaths = (
				"${PODS_PODFILE_DIR_PATH}/Podfile.lock",
				"${PODS_ROOT}/Manifest.lock",
			);
			name = "[CP] Check Pods Manifest.lock";
			outputFileListPaths = (
			);
			outputPaths = (
				"$(DERIVED_FILE_DIR)/Pods-SwiftUIMVVMExample-checkManifestLockResult.txt",
			);
			runOnlyForDeploymentPostprocessing = 0;
			shellPath = /bin/sh;
			shellScript = "diff \"${PODS_PODFILE_DIR_PATH}/Podfile.lock\" \"${PODS_ROOT}/Manifest.lock\" > /dev/null\nif [ $? != 0 ] ; then\n    # print error to STDERR\n    echo \"error: The sandbox is not in sync with the Podfile.lock. Run 'pod install' or update your CocoaPods installation.\" >&2\n    exit 1\nfi\n# This output is used by Xcode 'outputs' to avoid re-running this script phase.\necho \"SUCCESS\" > \"${SCRIPT_OUTPUT_FILE_0}\"\n";
			showEnvVarsInLog = 0;
		};
		DC480600F13E89618907D97D /* [CP] Embed Pods Frameworks */ = {
			isa = PBXShellScriptBuildPhase;
			buildActionMask = 2147483647;
			files = (
			);
			inputFileListPaths = (
				"${PODS_ROOT}/Target Support Files/Pods-SwiftUIMVVMExample/Pods-SwiftUIMVVMExample-frameworks-${CONFIGURATION}-input-files.xcfilelist",
			);
			name = "[CP] Embed Pods Frameworks";
			outputFileListPaths = (
				"${PODS_ROOT}/Target Support Files/Pods-SwiftUIMVVMExample/Pods-SwiftUIMVVMExample-frameworks-${CONFIGURATION}-output-files.xcfilelist",
			);
			runOnlyForDeploymentPostprocessing = 0;
			shellPath = /bin/sh;
			shellScript = "\"${PODS_ROOT}/Target Support Files/Pods-SwiftUIMVVMExample/Pods-SwiftUIMVVMExample-frameworks.sh\"\n";
			showEnvVarsInLog = 0;
		};
/* End PBXShellScriptBuildPhase section */

/* Begin PBXSourcesBuildPhase section */
		B1516B44278EEF2F00887518 /* Sources */ = {
			isa = PBXSourcesBuildPhase;
			buildActionMask = 2147483647;
			files = (
				B15A0E6027B2859E007CE62A /* SupportViewModelProtocol.swift in Sources */,
				B1516B7B278EF32C00887518 /* Album.swift in Sources */,
				B1516B83278EF71B00887518 /* SecondScreen.swift in Sources */,
				B1516B7F278EF3D200887518 /* FirstViewModel.swift in Sources */,
				B1516B60278EF05E00887518 /* UIApplicationExt.swift in Sources */,
				B1516B70278EF1F600887518 /* AppLoger.swift in Sources */,
				B1516B81278EF4F600887518 /* InjectViewModel.swift in Sources */,
				B1B84C7027905FC200A71853 /* ThirdScreenRouter.swift in Sources */,
				B1516B74278EF25B00887518 /* GetAlbumUseCase.swift in Sources */,
				B1B84C6E27905F9900A71853 /* ThirdScreen.swift in Sources */,
				B1516B6C278EF1B500887518 /* AlamofireSessionExt.swift in Sources */,
				B15A0E5E27B269AA007CE62A /* ThirdViewModel.swift in Sources */,
				B140CC9D278FFE8B003DC491 /* InjectLazy.swift in Sources */,
				B1516B62278EF07200887518 /* BaseViewModel.swift in Sources */,
				B1516B4E278EEF2F00887518 /* FirstScreen.swift in Sources */,
				B1516B89278EF90200887518 /* UINavigationControllerExt.swift in Sources */,
				B1516B87278EF75D00887518 /* SecondViewModel.swift in Sources */,
				B1516B4C278EEF2F00887518 /* AppDelegate.swift in Sources */,
				B1516B6E278EF1E200887518 /* RestManager.swift in Sources */,
				B12C07DD27917F9C009ECF62 /* Dsl.swift in Sources */,
				B16669E8279FFD5900C24B14 /* SequenceExt.swift in Sources */,
				B140CC9B278FFE2D003DC491 /* Inject.swift in Sources */,
				B1CA2C3E27DB6765007231E8 /* AppContainer.swift in Sources */,
				B1516B8B278EF95000887518 /* GetTestDataUseCase.swift in Sources */,
				B1516B76278EF26D00887518 /* BaseUseCase.swift in Sources */,
				B1516B7D278EF34800887518 /* Endpoints.swift in Sources */,
				B1516B5B278EEFE000887518 /* BaseViewController.swift in Sources */,
				B1516B72278EF20A00887518 /* Source.swift in Sources */,
				B1B84C6927905ABD00A71853 /* SecondScreenRouter.swift in Sources */,
				B1516B67278EF0DB00887518 /* AppComponent.swift in Sources */,
			);
			runOnlyForDeploymentPostprocessing = 0;
		};
/* End PBXSourcesBuildPhase section */

/* Begin XCBuildConfiguration section */
		B1516B54278EEF3100887518 /* Debug */ = {
			isa = XCBuildConfiguration;
			buildSettings = {
				ALWAYS_SEARCH_USER_PATHS = NO;
				CLANG_ANALYZER_NONNULL = YES;
				CLANG_ANALYZER_NUMBER_OBJECT_CONVERSION = YES_AGGRESSIVE;
				CLANG_CXX_LANGUAGE_STANDARD = "gnu++17";
				CLANG_CXX_LIBRARY = "libc++";
				CLANG_ENABLE_MODULES = YES;
				CLANG_ENABLE_OBJC_ARC = YES;
				CLANG_ENABLE_OBJC_WEAK = YES;
				CLANG_WARN_BLOCK_CAPTURE_AUTORELEASING = YES;
				CLANG_WARN_BOOL_CONVERSION = YES;
				CLANG_WARN_COMMA = YES;
				CLANG_WARN_CONSTANT_CONVERSION = YES;
				CLANG_WARN_DEPRECATED_OBJC_IMPLEMENTATIONS = YES;
				CLANG_WARN_DIRECT_OBJC_ISA_USAGE = YES_ERROR;
				CLANG_WARN_DOCUMENTATION_COMMENTS = YES;
				CLANG_WARN_EMPTY_BODY = YES;
				CLANG_WARN_ENUM_CONVERSION = YES;
				CLANG_WARN_INFINITE_RECURSION = YES;
				CLANG_WARN_INT_CONVERSION = YES;
				CLANG_WARN_NON_LITERAL_NULL_CONVERSION = YES;
				CLANG_WARN_OBJC_IMPLICIT_RETAIN_SELF = YES;
				CLANG_WARN_OBJC_LITERAL_CONVERSION = YES;
				CLANG_WARN_OBJC_ROOT_CLASS = YES_ERROR;
				CLANG_WARN_QUOTED_INCLUDE_IN_FRAMEWORK_HEADER = YES;
				CLANG_WARN_RANGE_LOOP_ANALYSIS = YES;
				CLANG_WARN_STRICT_PROTOTYPES = YES;
				CLANG_WARN_SUSPICIOUS_MOVE = YES;
				CLANG_WARN_UNGUARDED_AVAILABILITY = YES_AGGRESSIVE;
				CLANG_WARN_UNREACHABLE_CODE = YES;
				CLANG_WARN__DUPLICATE_METHOD_MATCH = YES;
				COPY_PHASE_STRIP = NO;
				DEBUG_INFORMATION_FORMAT = dwarf;
				ENABLE_STRICT_OBJC_MSGSEND = YES;
				ENABLE_TESTABILITY = YES;
				GCC_C_LANGUAGE_STANDARD = gnu11;
				GCC_DYNAMIC_NO_PIC = NO;
				GCC_NO_COMMON_BLOCKS = YES;
				GCC_OPTIMIZATION_LEVEL = 0;
				GCC_PREPROCESSOR_DEFINITIONS = (
					"DEBUG=1",
					"$(inherited)",
				);
				GCC_WARN_64_TO_32_BIT_CONVERSION = YES;
				GCC_WARN_ABOUT_RETURN_TYPE = YES_ERROR;
				GCC_WARN_UNDECLARED_SELECTOR = YES;
				GCC_WARN_UNINITIALIZED_AUTOS = YES_AGGRESSIVE;
				GCC_WARN_UNUSED_FUNCTION = YES;
				GCC_WARN_UNUSED_VARIABLE = YES;
				IPHONEOS_DEPLOYMENT_TARGET = 15.2;
				MTL_ENABLE_DEBUG_INFO = INCLUDE_SOURCE;
				MTL_FAST_MATH = YES;
				ONLY_ACTIVE_ARCH = YES;
				SDKROOT = iphoneos;
				SWIFT_ACTIVE_COMPILATION_CONDITIONS = DEBUG;
				SWIFT_OPTIMIZATION_LEVEL = "-Onone";
			};
			name = Debug;
		};
		B1516B55278EEF3100887518 /* Release */ = {
			isa = XCBuildConfiguration;
			buildSettings = {
				ALWAYS_SEARCH_USER_PATHS = NO;
				CLANG_ANALYZER_NONNULL = YES;
				CLANG_ANALYZER_NUMBER_OBJECT_CONVERSION = YES_AGGRESSIVE;
				CLANG_CXX_LANGUAGE_STANDARD = "gnu++17";
				CLANG_CXX_LIBRARY = "libc++";
				CLANG_ENABLE_MODULES = YES;
				CLANG_ENABLE_OBJC_ARC = YES;
				CLANG_ENABLE_OBJC_WEAK = YES;
				CLANG_WARN_BLOCK_CAPTURE_AUTORELEASING = YES;
				CLANG_WARN_BOOL_CONVERSION = YES;
				CLANG_WARN_COMMA = YES;
				CLANG_WARN_CONSTANT_CONVERSION = YES;
				CLANG_WARN_DEPRECATED_OBJC_IMPLEMENTATIONS = YES;
				CLANG_WARN_DIRECT_OBJC_ISA_USAGE = YES_ERROR;
				CLANG_WARN_DOCUMENTATION_COMMENTS = YES;
				CLANG_WARN_EMPTY_BODY = YES;
				CLANG_WARN_ENUM_CONVERSION = YES;
				CLANG_WARN_INFINITE_RECURSION = YES;
				CLANG_WARN_INT_CONVERSION = YES;
				CLANG_WARN_NON_LITERAL_NULL_CONVERSION = YES;
				CLANG_WARN_OBJC_IMPLICIT_RETAIN_SELF = YES;
				CLANG_WARN_OBJC_LITERAL_CONVERSION = YES;
				CLANG_WARN_OBJC_ROOT_CLASS = YES_ERROR;
				CLANG_WARN_QUOTED_INCLUDE_IN_FRAMEWORK_HEADER = YES;
				CLANG_WARN_RANGE_LOOP_ANALYSIS = YES;
				CLANG_WARN_STRICT_PROTOTYPES = YES;
				CLANG_WARN_SUSPICIOUS_MOVE = YES;
				CLANG_WARN_UNGUARDED_AVAILABILITY = YES_AGGRESSIVE;
				CLANG_WARN_UNREACHABLE_CODE = YES;
				CLANG_WARN__DUPLICATE_METHOD_MATCH = YES;
				COPY_PHASE_STRIP = NO;
				DEBUG_INFORMATION_FORMAT = "dwarf-with-dsym";
				ENABLE_NS_ASSERTIONS = NO;
				ENABLE_STRICT_OBJC_MSGSEND = YES;
				GCC_C_LANGUAGE_STANDARD = gnu11;
				GCC_NO_COMMON_BLOCKS = YES;
				GCC_WARN_64_TO_32_BIT_CONVERSION = YES;
				GCC_WARN_ABOUT_RETURN_TYPE = YES_ERROR;
				GCC_WARN_UNDECLARED_SELECTOR = YES;
				GCC_WARN_UNINITIALIZED_AUTOS = YES_AGGRESSIVE;
				GCC_WARN_UNUSED_FUNCTION = YES;
				GCC_WARN_UNUSED_VARIABLE = YES;
				IPHONEOS_DEPLOYMENT_TARGET = 15.2;
				MTL_ENABLE_DEBUG_INFO = NO;
				MTL_FAST_MATH = YES;
				SDKROOT = iphoneos;
				SWIFT_COMPILATION_MODE = wholemodule;
				SWIFT_OPTIMIZATION_LEVEL = "-O";
				VALIDATE_PRODUCT = YES;
			};
			name = Release;
		};
		B1516B57278EEF3100887518 /* Debug */ = {
			isa = XCBuildConfiguration;
			baseConfigurationReference = 92D8094D6DC78660B662789C /* Pods-SwiftUIMVVMExample.debug.xcconfig */;
			buildSettings = {
				ASSETCATALOG_COMPILER_APPICON_NAME = AppIcon;
				ASSETCATALOG_COMPILER_GLOBAL_ACCENT_COLOR_NAME = AccentColor;
				CODE_SIGN_STYLE = Automatic;
				CURRENT_PROJECT_VERSION = 1;
				DEVELOPMENT_ASSET_PATHS = "\"SwiftUIMVVMExample/resourse/Preview Content\"";
				DEVELOPMENT_TEAM = TNULAWK25L;
				ENABLE_PREVIEWS = YES;
				GENERATE_INFOPLIST_FILE = YES;
				INFOPLIST_FILE = SwiftUIMVVMExample/Info.plist;
				INFOPLIST_KEY_UIApplicationSceneManifest_Generation = YES;
				INFOPLIST_KEY_UIApplicationSupportsIndirectInputEvents = YES;
				INFOPLIST_KEY_UILaunchStoryboardName = "Launch Screen";
				INFOPLIST_KEY_UISupportedInterfaceOrientations_iPad = "UIInterfaceOrientationPortrait UIInterfaceOrientationPortraitUpsideDown UIInterfaceOrientationLandscapeLeft UIInterfaceOrientationLandscapeRight";
				INFOPLIST_KEY_UISupportedInterfaceOrientations_iPhone = "UIInterfaceOrientationPortrait UIInterfaceOrientationLandscapeLeft UIInterfaceOrientationLandscapeRight";
				LD_RUNPATH_SEARCH_PATHS = (
					"$(inherited)",
					"@executable_path/Frameworks",
				);
				MARKETING_VERSION = 1.0;
				PRODUCT_BUNDLE_IDENTIFIER = com.ijk.SwiftUIMVVMExample;
				PRODUCT_NAME = "$(TARGET_NAME)";
				SWIFT_EMIT_LOC_STRINGS = YES;
				SWIFT_VERSION = 5.0;
				TARGETED_DEVICE_FAMILY = "1,2";
			};
			name = Debug;
		};
		B1516B58278EEF3100887518 /* Release */ = {
			isa = XCBuildConfiguration;
			baseConfigurationReference = D7ACCEE6FB4E4CCC1E4F42C2 /* Pods-SwiftUIMVVMExample.release.xcconfig */;
			buildSettings = {
				ASSETCATALOG_COMPILER_APPICON_NAME = AppIcon;
				ASSETCATALOG_COMPILER_GLOBAL_ACCENT_COLOR_NAME = AccentColor;
				CODE_SIGN_STYLE = Automatic;
				CURRENT_PROJECT_VERSION = 1;
				DEVELOPMENT_ASSET_PATHS = "\"SwiftUIMVVMExample/resourse/Preview Content\"";
				DEVELOPMENT_TEAM = TNULAWK25L;
				ENABLE_PREVIEWS = YES;
				GENERATE_INFOPLIST_FILE = YES;
				INFOPLIST_FILE = SwiftUIMVVMExample/Info.plist;
				INFOPLIST_KEY_UIApplicationSceneManifest_Generation = YES;
				INFOPLIST_KEY_UIApplicationSupportsIndirectInputEvents = YES;
				INFOPLIST_KEY_UILaunchStoryboardName = "Launch Screen";
				INFOPLIST_KEY_UISupportedInterfaceOrientations_iPad = "UIInterfaceOrientationPortrait UIInterfaceOrientationPortraitUpsideDown UIInterfaceOrientationLandscapeLeft UIInterfaceOrientationLandscapeRight";
				INFOPLIST_KEY_UISupportedInterfaceOrientations_iPhone = "UIInterfaceOrientationPortrait UIInterfaceOrientationLandscapeLeft UIInterfaceOrientationLandscapeRight";
				LD_RUNPATH_SEARCH_PATHS = (
					"$(inherited)",
					"@executable_path/Frameworks",
				);
				MARKETING_VERSION = 1.0;
				PRODUCT_BUNDLE_IDENTIFIER = com.ijk.SwiftUIMVVMExample;
				PRODUCT_NAME = "$(TARGET_NAME)";
				SWIFT_EMIT_LOC_STRINGS = YES;
				SWIFT_VERSION = 5.0;
				TARGETED_DEVICE_FAMILY = "1,2";
			};
			name = Release;
		};
/* End XCBuildConfiguration section */

/* Begin XCConfigurationList section */
		B1516B43278EEF2F00887518 /* Build configuration list for PBXProject "SwiftUIMVVMExample" */ = {
			isa = XCConfigurationList;
			buildConfigurations = (
				B1516B54278EEF3100887518 /* Debug */,
				B1516B55278EEF3100887518 /* Release */,
			);
			defaultConfigurationIsVisible = 0;
			defaultConfigurationName = Release;
		};
		B1516B56278EEF3100887518 /* Build configuration list for PBXNativeTarget "SwiftUIMVVMExample" */ = {
			isa = XCConfigurationList;
			buildConfigurations = (
				B1516B57278EEF3100887518 /* Debug */,
				B1516B58278EEF3100887518 /* Release */,
			);
			defaultConfigurationIsVisible = 0;
			defaultConfigurationName = Release;
		};
/* End XCConfigurationList section */
	};
	rootObject = B1516B40278EEF2F00887518 /* Project object */;
}
